
Microsoft Visual Studio Solution File, Format Version 12.00
# Visual Studio Version 17
VisualStudioVersion = 17.5.2.0
MinimumVisualStudioVersion = 10.0.40219.1
Project("{FAE04EC0-301F-11D3-BF4B-00C04F79EFBC}") = "TestAPI", "TestAPI\TestAPI.csproj", "{B8605618-F6E3-4FBB-BDBB-3AE4648D6CB2}"
EndProject
Project("{FAE04EC0-301F-11D3-BF4B-00C04F79EFBC}") = "TestUI", "TestUI\TestUI.csproj", "{CA521B3C-35D5-4A2B-B3AD-1DFB52E70B66}"
EndProject
Project("{FAE04EC0-301F-11D3-BF4B-00C04F79EFBC}") = "Component.Search.API", "Component.Search.API\Component.Search.API.csproj", "{180AAAE6-6A09-44E1-9E72-68B813DA8373}"
EndProject
Project("{FAE04EC0-301F-11D3-BF4B-00C04F79EFBC}") = "Component.Search.Application", "Component.Search.Application\Component.Search.Application.csproj", "{BAC6DD40-4DEC-4DCD-BD13-C69CC98A9E98}"
EndProject
Project("{FAE04EC0-301F-11D3-BF4B-00C04F79EFBC}") = "Component.Search.Infrastructure.Fake", "Component.Search.Infrastructure.Fake\Component.Search.Infrastructure.Fake.csproj", "{A5C61E0B-C093-46B5-9EE3-904F75DD4785}"
EndProject
Project("{FAE04EC0-301F-11D3-BF4B-00C04F79EFBC}") = "Component.Search.UI", "Component.Search.UI\Component.Search.UI.csproj", "{3F46EC86-C98D-4ECF-87F9-FEFBC492C84B}"
EndProject
Project("{FAE04EC0-301F-11D3-BF4B-00C04F79EFBC}") = "Component.Core.Application", "Component.Core.Application\Component.Core.Application.csproj", "{C0C7CAA8-11ED-4B07-94C1-EE9685DEC4F0}"
EndProject
Project("{FAE04EC0-301F-11D3-BF4B-00C04F79EFBC}") = "Component.Search.Model", "Component.Search.Model\Component.Search.Model.csproj", "{668D8673-269A-485B-B4F8-F3EB2F4EB574}"
EndProject
Project("{2150E333-8FDC-42A3-9474-1A3956D46DE8}") = "Documentation", "Documentation", "{5CE8E52D-A8AF-340A-4033-B85429601BE7}"
	ProjectSection(SolutionItems) = preProject
		copilot prompts.txt = copilot prompts.txt
		componentCmsPrompts.txt = componentCmsPrompts.txt
	EndProjectSection
EndProject
Project("{2150E333-8FDC-42A3-9474-1A3956D46DE8}") = "Forms", "Forms", "{5D4ABE75-A633-7578-A6F0-BB88D48E78A4}"
EndProject
Project("{2150E333-8FDC-42A3-9474-1A3956D46DE8}") = "Search", "Search", "{36DC9AA4-00C0-245B-9AD9-D200FD869759}"
EndProject
Project("{FAE04EC0-301F-11D3-BF4B-00C04F79EFBC}") = "Component.Form.Model.Tests", "Forms\Component.Form.Model.Tests\Component.Form.Model.Tests.csproj", "{40A2F169-1DE1-4F9E-8EC5-3A4D2EF7FA78}"
EndProject
Project("{FAE04EC0-301F-11D3-BF4B-00C04F79EFBC}") = "Component.Form.Application.Tests", "Forms\Component.Form.Application.Tests\Component.Form.Application.Tests.csproj", "{CD98070A-061C-444B-BB83-88366A05D622}"
EndProject
Project("{FAE04EC0-301F-11D3-BF4B-00C04F79EFBC}") = "Component.Form.UI.ReqnrollTests", "Component.Form.UI.ReqnrollTests\Component.Form.UI.ReqnrollTests.csproj", "{173F51F6-3F6D-4F52-8A90-68570C88945C}"
EndProject
Project("{FAE04EC0-301F-11D3-BF4B-00C04F79EFBC}") = "Component.Core", "Component.Core\Component.Core.csproj", "{6624B935-5FB2-4DA6-9112-72A65427F043}"
EndProject
Project("{FAE04EC0-301F-11D3-BF4B-00C04F79EFBC}") = "Component.Files.Application", "Component.Files.Application\Component.Files.Application.csproj", "{FC18FC34-D933-458A-91D9-4124F3CC81DC}"
EndProject
Project("{FAE04EC0-301F-11D3-BF4B-00C04F79EFBC}") = "Component.Files.Infrastructure.Blob", "Component.Files.Infrastructure.Blob\Component.Files.Infrastructure.Blob.csproj", "{52BA5BFC-CD56-4391-B359-26F81E795C53}"
EndProject
Project("{FAE04EC0-301F-11D3-BF4B-00C04F79EFBC}") = "Component.Files.Model", "Component.Files.Model\Component.Files.Model.csproj", "{F16B2E24-7A8F-41C2-941E-72D27D851848}"
EndProject
Project("{FAE04EC0-301F-11D3-BF4B-00C04F79EFBC}") = "Component.Files.API", "Component.Files.API\Component.Files.API.csproj", "{59A9E732-5C55-433B-ACBB-304F98A06905}"
EndProject
Project("{FAE04EC0-301F-11D3-BF4B-00C04F79EFBC}") = "Component.Form.Model", "Forms\Component.Form.Model\Component.Form.Model.csproj", "{712E537C-45FB-40B1-95A5-11652BFF58DD}"
EndProject
Project("{FAE04EC0-301F-11D3-BF4B-00C04F79EFBC}") = "Component.Form.API", "Forms\Component.Form.API\Component.Form.API.csproj", "{D1FD7265-582A-4218-8AB3-E7FDDE03B9C3}"
EndProject
Project("{FAE04EC0-301F-11D3-BF4B-00C04F79EFBC}") = "Component.Form.Application", "Forms\Component.Form.Application\Component.Form.Application.csproj", "{009CE466-2476-4788-A00F-AB7E4421CFA0}"
EndProject
Project("{FAE04EC0-301F-11D3-BF4B-00C04F79EFBC}") = "Component.Form.Infrastructure.Fake", "Forms\Component.Form.Infrastructure.Fake\Component.Form.Infrastructure.Fake.csproj", "{E914B27C-51B4-4466-8876-6611EF6CF7BD}"
EndProject
Project("{FAE04EC0-301F-11D3-BF4B-00C04F79EFBC}") = "Component.Form.Infrastructure.Redis", "Forms\Component.Form.Infrastructure.Redis\Component.Form.Infrastructure.Redis.csproj", "{E7D827DE-A937-4C2C-B22F-E88903D65350}"
EndProject
Project("{FAE04EC0-301F-11D3-BF4B-00C04F79EFBC}") = "Component.Form.UI", "Forms\Component.Form.UI\Component.Form.UI.csproj", "{313517C0-871A-4350-BAA6-4E6CC423DC80}"
EndProject
Global
	GlobalSection(SolutionConfigurationPlatforms) = preSolution
		Debug|Any CPU = Debug|Any CPU
		Release|Any CPU = Release|Any CPU
	EndGlobalSection
	GlobalSection(ProjectConfigurationPlatforms) = postSolution
		{B8605618-F6E3-4FBB-BDBB-3AE4648D6CB2}.Debug|Any CPU.ActiveCfg = Debug|Any CPU
		{B8605618-F6E3-4FBB-BDBB-3AE4648D6CB2}.Debug|Any CPU.Build.0 = Debug|Any CPU
		{B8605618-F6E3-4FBB-BDBB-3AE4648D6CB2}.Release|Any CPU.ActiveCfg = Release|Any CPU
		{B8605618-F6E3-4FBB-BDBB-3AE4648D6CB2}.Release|Any CPU.Build.0 = Release|Any CPU
		{CA521B3C-35D5-4A2B-B3AD-1DFB52E70B66}.Debug|Any CPU.ActiveCfg = Debug|Any CPU
		{CA521B3C-35D5-4A2B-B3AD-1DFB52E70B66}.Debug|Any CPU.Build.0 = Debug|Any CPU
		{CA521B3C-35D5-4A2B-B3AD-1DFB52E70B66}.Release|Any CPU.ActiveCfg = Release|Any CPU
		{CA521B3C-35D5-4A2B-B3AD-1DFB52E70B66}.Release|Any CPU.Build.0 = Release|Any CPU
		{180AAAE6-6A09-44E1-9E72-68B813DA8373}.Debug|Any CPU.ActiveCfg = Debug|Any CPU
		{180AAAE6-6A09-44E1-9E72-68B813DA8373}.Debug|Any CPU.Build.0 = Debug|Any CPU
		{180AAAE6-6A09-44E1-9E72-68B813DA8373}.Release|Any CPU.ActiveCfg = Release|Any CPU
		{180AAAE6-6A09-44E1-9E72-68B813DA8373}.Release|Any CPU.Build.0 = Release|Any CPU
		{BAC6DD40-4DEC-4DCD-BD13-C69CC98A9E98}.Debug|Any CPU.ActiveCfg = Debug|Any CPU
		{BAC6DD40-4DEC-4DCD-BD13-C69CC98A9E98}.Debug|Any CPU.Build.0 = Debug|Any CPU
		{BAC6DD40-4DEC-4DCD-BD13-C69CC98A9E98}.Release|Any CPU.ActiveCfg = Release|Any CPU
		{BAC6DD40-4DEC-4DCD-BD13-C69CC98A9E98}.Release|Any CPU.Build.0 = Release|Any CPU
		{A5C61E0B-C093-46B5-9EE3-904F75DD4785}.Debug|Any CPU.ActiveCfg = Debug|Any CPU
		{A5C61E0B-C093-46B5-9EE3-904F75DD4785}.Debug|Any CPU.Build.0 = Debug|Any CPU
		{A5C61E0B-C093-46B5-9EE3-904F75DD4785}.Release|Any CPU.ActiveCfg = Release|Any CPU
		{A5C61E0B-C093-46B5-9EE3-904F75DD4785}.Release|Any CPU.Build.0 = Release|Any CPU
		{3F46EC86-C98D-4ECF-87F9-FEFBC492C84B}.Debug|Any CPU.ActiveCfg = Debug|Any CPU
		{3F46EC86-C98D-4ECF-87F9-FEFBC492C84B}.Debug|Any CPU.Build.0 = Debug|Any CPU
		{3F46EC86-C98D-4ECF-87F9-FEFBC492C84B}.Release|Any CPU.ActiveCfg = Release|Any CPU
		{3F46EC86-C98D-4ECF-87F9-FEFBC492C84B}.Release|Any CPU.Build.0 = Release|Any CPU
		{C0C7CAA8-11ED-4B07-94C1-EE9685DEC4F0}.Debug|Any CPU.ActiveCfg = Debug|Any CPU
		{C0C7CAA8-11ED-4B07-94C1-EE9685DEC4F0}.Debug|Any CPU.Build.0 = Debug|Any CPU
		{C0C7CAA8-11ED-4B07-94C1-EE9685DEC4F0}.Release|Any CPU.ActiveCfg = Release|Any CPU
		{C0C7CAA8-11ED-4B07-94C1-EE9685DEC4F0}.Release|Any CPU.Build.0 = Release|Any CPU
		{668D8673-269A-485B-B4F8-F3EB2F4EB574}.Debug|Any CPU.ActiveCfg = Debug|Any CPU
		{668D8673-269A-485B-B4F8-F3EB2F4EB574}.Debug|Any CPU.Build.0 = Debug|Any CPU
		{668D8673-269A-485B-B4F8-F3EB2F4EB574}.Release|Any CPU.ActiveCfg = Release|Any CPU
		{668D8673-269A-485B-B4F8-F3EB2F4EB574}.Release|Any CPU.Build.0 = Release|Any CPU
		{40A2F169-1DE1-4F9E-8EC5-3A4D2EF7FA78}.Debug|Any CPU.ActiveCfg = Debug|Any CPU
		{40A2F169-1DE1-4F9E-8EC5-3A4D2EF7FA78}.Debug|Any CPU.Build.0 = Debug|Any CPU
		{40A2F169-1DE1-4F9E-8EC5-3A4D2EF7FA78}.Release|Any CPU.ActiveCfg = Release|Any CPU
		{40A2F169-1DE1-4F9E-8EC5-3A4D2EF7FA78}.Release|Any CPU.Build.0 = Release|Any CPU
		{CD98070A-061C-444B-BB83-88366A05D622}.Debug|Any CPU.ActiveCfg = Debug|Any CPU
		{CD98070A-061C-444B-BB83-88366A05D622}.Debug|Any CPU.Build.0 = Debug|Any CPU
		{CD98070A-061C-444B-BB83-88366A05D622}.Release|Any CPU.ActiveCfg = Release|Any CPU
		{CD98070A-061C-444B-BB83-88366A05D622}.Release|Any CPU.Build.0 = Release|Any CPU
		{173F51F6-3F6D-4F52-8A90-68570C88945C}.Debug|Any CPU.ActiveCfg = Debug|Any CPU
		{173F51F6-3F6D-4F52-8A90-68570C88945C}.Debug|Any CPU.Build.0 = Debug|Any CPU
		{173F51F6-3F6D-4F52-8A90-68570C88945C}.Release|Any CPU.ActiveCfg = Release|Any CPU
		{173F51F6-3F6D-4F52-8A90-68570C88945C}.Release|Any CPU.Build.0 = Release|Any CPU
		{6624B935-5FB2-4DA6-9112-72A65427F043}.Debug|Any CPU.ActiveCfg = Debug|Any CPU
		{6624B935-5FB2-4DA6-9112-72A65427F043}.Debug|Any CPU.Build.0 = Debug|Any CPU
		{6624B935-5FB2-4DA6-9112-72A65427F043}.Release|Any CPU.ActiveCfg = Release|Any CPU
		{6624B935-5FB2-4DA6-9112-72A65427F043}.Release|Any CPU.Build.0 = Release|Any CPU
		{FC18FC34-D933-458A-91D9-4124F3CC81DC}.Debug|Any CPU.ActiveCfg = Debug|Any CPU
		{FC18FC34-D933-458A-91D9-4124F3CC81DC}.Debug|Any CPU.Build.0 = Debug|Any CPU
		{FC18FC34-D933-458A-91D9-4124F3CC81DC}.Release|Any CPU.ActiveCfg = Release|Any CPU
		{FC18FC34-D933-458A-91D9-4124F3CC81DC}.Release|Any CPU.Build.0 = Release|Any CPU
		{52BA5BFC-CD56-4391-B359-26F81E795C53}.Debug|Any CPU.ActiveCfg = Debug|Any CPU
		{52BA5BFC-CD56-4391-B359-26F81E795C53}.Debug|Any CPU.Build.0 = Debug|Any CPU
		{52BA5BFC-CD56-4391-B359-26F81E795C53}.Release|Any CPU.ActiveCfg = Release|Any CPU
		{52BA5BFC-CD56-4391-B359-26F81E795C53}.Release|Any CPU.Build.0 = Release|Any CPU
		{F16B2E24-7A8F-41C2-941E-72D27D851848}.Debug|Any CPU.ActiveCfg = Debug|Any CPU
		{F16B2E24-7A8F-41C2-941E-72D27D851848}.Debug|Any CPU.Build.0 = Debug|Any CPU
		{F16B2E24-7A8F-41C2-941E-72D27D851848}.Release|Any CPU.ActiveCfg = Release|Any CPU
		{F16B2E24-7A8F-41C2-941E-72D27D851848}.Release|Any CPU.Build.0 = Release|Any CPU
		{59A9E732-5C55-433B-ACBB-304F98A06905}.Debug|Any CPU.ActiveCfg = Debug|Any CPU
		{59A9E732-5C55-433B-ACBB-304F98A06905}.Debug|Any CPU.Build.0 = Debug|Any CPU
		{59A9E732-5C55-433B-ACBB-304F98A06905}.Release|Any CPU.ActiveCfg = Release|Any CPU
		{59A9E732-5C55-433B-ACBB-304F98A06905}.Release|Any CPU.Build.0 = Release|Any CPU
		{712E537C-45FB-40B1-95A5-11652BFF58DD}.Debug|Any CPU.ActiveCfg = Debug|Any CPU
		{712E537C-45FB-40B1-95A5-11652BFF58DD}.Debug|Any CPU.Build.0 = Debug|Any CPU
		{712E537C-45FB-40B1-95A5-11652BFF58DD}.Release|Any CPU.ActiveCfg = Release|Any CPU
		{712E537C-45FB-40B1-95A5-11652BFF58DD}.Release|Any CPU.Build.0 = Release|Any CPU
		{D1FD7265-582A-4218-8AB3-E7FDDE03B9C3}.Debug|Any CPU.ActiveCfg = Debug|Any CPU
		{D1FD7265-582A-4218-8AB3-E7FDDE03B9C3}.Debug|Any CPU.Build.0 = Debug|Any CPU
		{D1FD7265-582A-4218-8AB3-E7FDDE03B9C3}.Release|Any CPU.ActiveCfg = Release|Any CPU
		{D1FD7265-582A-4218-8AB3-E7FDDE03B9C3}.Release|Any CPU.Build.0 = Release|Any CPU
		{009CE466-2476-4788-A00F-AB7E4421CFA0}.Debug|Any CPU.ActiveCfg = Debug|Any CPU
		{009CE466-2476-4788-A00F-AB7E4421CFA0}.Debug|Any CPU.Build.0 = Debug|Any CPU
		{009CE466-2476-4788-A00F-AB7E4421CFA0}.Release|Any CPU.ActiveCfg = Release|Any CPU
		{009CE466-2476-4788-A00F-AB7E4421CFA0}.Release|Any CPU.Build.0 = Release|Any CPU
		{E914B27C-51B4-4466-8876-6611EF6CF7BD}.Debug|Any CPU.ActiveCfg = Debug|Any CPU
		{E914B27C-51B4-4466-8876-6611EF6CF7BD}.Debug|Any CPU.Build.0 = Debug|Any CPU
		{E914B27C-51B4-4466-8876-6611EF6CF7BD}.Release|Any CPU.ActiveCfg = Release|Any CPU
		{E914B27C-51B4-4466-8876-6611EF6CF7BD}.Release|Any CPU.Build.0 = Release|Any CPU
		{E7D827DE-A937-4C2C-B22F-E88903D65350}.Debug|Any CPU.ActiveCfg = Debug|Any CPU
		{E7D827DE-A937-4C2C-B22F-E88903D65350}.Debug|Any CPU.Build.0 = Debug|Any CPU
		{E7D827DE-A937-4C2C-B22F-E88903D65350}.Release|Any CPU.ActiveCfg = Release|Any CPU
		{E7D827DE-A937-4C2C-B22F-E88903D65350}.Release|Any CPU.Build.0 = Release|Any CPU
		{313517C0-871A-4350-BAA6-4E6CC423DC80}.Debug|Any CPU.ActiveCfg = Debug|Any CPU
		{313517C0-871A-4350-BAA6-4E6CC423DC80}.Debug|Any CPU.Build.0 = Debug|Any CPU
		{313517C0-871A-4350-BAA6-4E6CC423DC80}.Release|Any CPU.ActiveCfg = Release|Any CPU
		{313517C0-871A-4350-BAA6-4E6CC423DC80}.Release|Any CPU.Build.0 = Release|Any CPU
	EndGlobalSection
	GlobalSection(SolutionProperties) = preSolution
		HideSolutionNode = FALSE
	EndGlobalSection
	GlobalSection(NestedProjects) = preSolution
		{40A2F169-1DE1-4F9E-8EC5-3A4D2EF7FA78} = {5D4ABE75-A633-7578-A6F0-BB88D48E78A4}
		{CD98070A-061C-444B-BB83-88366A05D622} = {5D4ABE75-A633-7578-A6F0-BB88D48E78A4}
		{173F51F6-3F6D-4F52-8A90-68570C88945C} = {5D4ABE75-A633-7578-A6F0-BB88D48E78A4}
		{712E537C-45FB-40B1-95A5-11652BFF58DD} = {5D4ABE75-A633-7578-A6F0-BB88D48E78A4}
		{D1FD7265-582A-4218-8AB3-E7FDDE03B9C3} = {5D4ABE75-A633-7578-A6F0-BB88D48E78A4}
		{009CE466-2476-4788-A00F-AB7E4421CFA0} = {5D4ABE75-A633-7578-A6F0-BB88D48E78A4}
		{E914B27C-51B4-4466-8876-6611EF6CF7BD} = {5D4ABE75-A633-7578-A6F0-BB88D48E78A4}
		{E7D827DE-A937-4C2C-B22F-E88903D65350} = {5D4ABE75-A633-7578-A6F0-BB88D48E78A4}
		{313517C0-871A-4350-BAA6-4E6CC423DC80} = {5D4ABE75-A633-7578-A6F0-BB88D48E78A4}
	EndGlobalSection
	GlobalSection(ExtensibilityGlobals) = postSolution
		SolutionGuid = {F8929BB2-EEE5-4D37-A574-C3B638F98020}
	EndGlobalSection
EndGlobal
